
Microsoft Visual Studio Solution File, Format Version 12.00
# Visual Studio Version 17
VisualStudioVersion = 17.4.33213.308
MinimumVisualStudioVersion = 10.0.40219.1
Project("{FAE04EC0-301F-11D3-BF4B-00C04F79EFBC}") = "CW_6", "CW_6\CW_6.csproj", "{B9D969F8-4F5B-4B72-B721-43A534FF0964}"
EndProject
Global
	GlobalSection(SolutionConfigurationPlatforms) = preSolution
		Debug|Any CPU = Debug|Any CPU
		Debug|x64 = Debug|x64
		Release|Any CPU = Release|Any CPU
		Release|x64 = Release|x64
	EndGlobalSection
	GlobalSection(ProjectConfigurationPlatforms) = postSolution
		{B9D969F8-4F5B-4B72-B721-43A534FF0964}.Debug|Any CPU.ActiveCfg = Debug|Any CPU
		{B9D969F8-4F5B-4B72-B721-43A534FF0964}.Debug|Any CPU.Build.0 = Debug|Any CPU
		{B9D969F8-4F5B-4B72-B721-43A534FF0964}.Debug|x64.ActiveCfg = Debug|x64
		{B9D969F8-4F5B-4B72-B721-43A534FF0964}.Debug|x64.Build.0 = Debug|x64
		{B9D969F8-4F5B-4B72-B721-43A534FF0964}.Release|Any CPU.ActiveCfg = Release|Any CPU
		{B9D969F8-4F5B-4B72-B721-43A534FF0964}.Release|Any CPU.Build.0 = Release|Any CPU
		{B9D969F8-4F5B-4B72-B721-43A534FF0964}.Release|x64.ActiveCfg = Release|x64
		{B9D969F8-4F5B-4B72-B721-43A534FF0964}.Release|x64.Build.0 = Release|x64
	EndGlobalSection
	GlobalSection(SolutionProperties) = preSolution
		HideSolutionNode = FALSE
	EndGlobalSection
	GlobalSection(ExtensibilityGlobals) = postSolution
		SolutionGuid = {62DAE0D2-D3D7-4BB7-A638-FB18270C3E15}
	EndGlobalSection
EndGlobal
